
Microsoft Visual Studio Solution File, Format Version 12.00
# Visual Studio Version 17
VisualStudioVersion = 17.3.32922.545
MinimumVisualStudioVersion = 10.0.40219.1
Project("{FAE04EC0-301F-11D3-BF4B-00C04F79EFBC}") = "Assignment8", "Assignment8\Assignment8.csproj", "{DF83A976-C12B-43EF-8C10-64F06C7FEE96}"
EndProject
Global
	GlobalSection(SolutionConfigurationPlatforms) = preSolution
		Debug|Any CPU = Debug|Any CPU
		Release|Any CPU = Release|Any CPU
	EndGlobalSection
	GlobalSection(ProjectConfigurationPlatforms) = postSolution
		{DF83A976-C12B-43EF-8C10-64F06C7FEE96}.Debug|Any CPU.ActiveCfg = Debug|Any CPU
		{DF83A976-C12B-43EF-8C10-64F06C7FEE96}.Debug|Any CPU.Build.0 = Debug|Any CPU
		{DF83A976-C12B-43EF-8C10-64F06C7FEE96}.Release|Any CPU.ActiveCfg = Release|Any CPU
		{DF83A976-C12B-43EF-8C10-64F06C7FEE96}.Release|Any CPU.Build.0 = Release|Any CPU
	EndGlobalSection
	GlobalSection(SolutionProperties) = preSolution
		HideSolutionNode = FALSE
	EndGlobalSection
	GlobalSection(ExtensibilityGlobals) = postSolution
		SolutionGuid = {25EEA02F-8B6D-48CF-B71C-A1A8F9C29DEE}
	EndGlobalSection
EndGlobal
